
Microsoft Visual Studio Solution File, Format Version 12.00
# Visual Studio 14
VisualStudioVersion = 14.0.25123.0
MinimumVisualStudioVersion = 10.0.40219.1
Project("{FAE04EC0-301F-11D3-BF4B-00C04F79EFBC}") = "VmTranslator", "VMtranslator\VmTranslator.csproj", "{C0A18A8C-F976-4AFD-B726-3C51284932D5}"
EndProject
Project("{FAE04EC0-301F-11D3-BF4B-00C04F79EFBC}") = "VmTranslator.Tests", "VmTranslator.Tests\VmTranslator.Tests.csproj", "{666B0EC7-3C86-41E3-A461-6F71DA35CAFD}"
EndProject
Global
	GlobalSection(SolutionConfigurationPlatforms) = preSolution
		Debug|Any CPU = Debug|Any CPU
		Release|Any CPU = Release|Any CPU
	EndGlobalSection
	GlobalSection(ProjectConfigurationPlatforms) = postSolution
		{C0A18A8C-F976-4AFD-B726-3C51284932D5}.Debug|Any CPU.ActiveCfg = Debug|Any CPU
		{C0A18A8C-F976-4AFD-B726-3C51284932D5}.Debug|Any CPU.Build.0 = Debug|Any CPU
		{C0A18A8C-F976-4AFD-B726-3C51284932D5}.Release|Any CPU.ActiveCfg = Release|Any CPU
		{C0A18A8C-F976-4AFD-B726-3C51284932D5}.Release|Any CPU.Build.0 = Release|Any CPU
		{666B0EC7-3C86-41E3-A461-6F71DA35CAFD}.Debug|Any CPU.ActiveCfg = Debug|Any CPU
		{666B0EC7-3C86-41E3-A461-6F71DA35CAFD}.Debug|Any CPU.Build.0 = Debug|Any CPU
		{666B0EC7-3C86-41E3-A461-6F71DA35CAFD}.Release|Any CPU.ActiveCfg = Release|Any CPU
		{666B0EC7-3C86-41E3-A461-6F71DA35CAFD}.Release|Any CPU.Build.0 = Release|Any CPU
	EndGlobalSection
	GlobalSection(SolutionProperties) = preSolution
		HideSolutionNode = FALSE
	EndGlobalSection
EndGlobal
